<?xml version="1.0" encoding="utf-8"?>
<Project ToolsVersion="4.0" xmlns="http://schemas.microsoft.com/developer/msbuild/2003">
  <ItemGroup>
    <Filter Include="Source Files">
      <UniqueIdentifier>{4FC737F1-C7A5-4376-A066-2A32D752A2FF}</UniqueIdentifier>
      <Extensions>cpp;c;cc;cxx;c++;def;odl;idl;hpj;bat;asm;asmx</Extensions>
    </Filter>
    <Filter Include="Header Files">
      <UniqueIdentifier>{93995380-89BD-4b04-88EB-625FBE52EBFB}</UniqueIdentifier>
      <Extensions>h;hh;hpp;hxx;h++;hm;inl;inc;ipp;xsd</Extensions>
    </Filter>
    <Filter Include="Resource Files">
      <UniqueIdentifier>{67DA6AB6-F800-4c08-8B7A-83BB121AAD01}</UniqueIdentifier>
      <Extensions>rc;ico;cur;bmp;dlg;rc2;rct;bin;rgs;gif;jpg;jpeg;jpe;resx;tiff;tif;png;wav;mfcribbon-ms</Extensions>
    </Filter>
  </ItemGroup>
  <ItemGroup>
    <ClCompile Include="..\installer\installer.c">
      <Filter>Source Files</Filter>
    </ClCompile>
    <ClCompile Include="..\installer\process.c">
      <Filter>Source Files</Filter>
    </ClCompile>
    <ClCompile Include="..\installer\script.c">
      <Filter>Source Files</Filter>
    </ClCompile>
    <ClCompile Include="..\installer\WindowsDesktop.c">
      <Filter>Source Files</Filter>
    </ClCompile>
    <ClCompile Include="..\installer\zip.c">
      <Filter>Source Files</Filter>
    </ClCompile>
    <ClCompile Include="..\installer\reg.c">
      <Filter>Source Files</Filter>
    </ClCompile>
  </ItemGroup>
  <ItemGroup>
    <ClInclude Include="..\installer\config.h">
      <Filter>Source Files</Filter>
    </ClInclude>
    <ClInclude Include="..\installer\installer.h">
      <Filter>Source Files</Filter>
    </ClInclude>
    <ClInclude Include="..\installer\miniz.h">
      <Filter>Source Files</Filter>
    </ClInclude>
    <ClInclude Include="..\installer\process.h">
      <Filter>Source Files</Filter>
    </ClInclude>
    <ClInclude Include="..\installer\resource.h">
      <Filter>Source Files</Filter>
    </ClInclude>
    <ClInclude Include="..\installer\targetver.h">
      <Filter>Source Files</Filter>
    </ClInclude>
    <ClInclude Include="..\installer\WindowsDesktop.h">
      <Filter>Source Files</Filter>
    </ClInclude>
    <ClInclude Include="..\installer\zip.h">
      <Filter>Source Files</Filter>
    </ClInclude>
    <ClInclude Include="..\installer\reg.h">
      <Filter>Source Files</Filter>
    </ClInclude>
  </ItemGroup>
  <ItemGroup>
    <Image Include="..\installer\installer.ico">
      <Filter>Source Files</Filter>
    </Image>
    <Image Include="..\installer\small.ico">
      <Filter>Source Files</Filter>
    </Image>
  </ItemGroup>
  <ItemGroup>
    <ResourceCompile Include="..\installer\installer.rc">
      <Filter>Source Files</Filter>
    </ResourceCompile>
  </ItemGroup>
  <ItemGroup>
    <None Include="..\installer\files.zip" />
    <None Include="..\installer\rtf1.bin">
      <Filter>Resource Files</Filter>
    </None>
    <None Include="..\installer\license.rtf" />
  </ItemGroup>
</Project>